
Microsoft Visual Studio Solution File, Format Version 12.00
# Visual Studio 15
VisualStudioVersion = 15.0.27703.2026
MinimumVisualStudioVersion = 10.0.40219.1
Project("{FAE04EC0-301F-11D3-BF4B-00C04F79EFBC}") = "QPC.BMS.WebApp", "QPC.BMS.WebApp\QPC.BMS.WebApp.csproj", "{2A481CCB-AE6F-44BC-A6CA-34CF45BB2AB9}"
EndProject
Project("{FAE04EC0-301F-11D3-BF4B-00C04F79EFBC}") = "QPC.BMS.UnitTests", "QPC.BMS.UnitTests\QPC.BMS.UnitTests.csproj", "{43509A7B-6071-4F4C-8264-6B98B90DBE6E}"
EndProject
Project("{FAE04EC0-301F-11D3-BF4B-00C04F79EFBC}") = "QPC.BMS.Repository", "QPC.BMS.Repository\QPC.BMS.Repository.csproj", "{2DDB10D4-6686-491C-B8C5-5A5EC5B752EA}"
EndProject
Project("{FAE04EC0-301F-11D3-BF4B-00C04F79EFBC}") = "QPC.BMS.Helpers", "QPC.BMS.Helpers\QPC.BMS.Helpers.csproj", "{B27ECDD9-9C22-44FB-9568-3A5C0BCFBCBC}"
EndProject
Project("{FAE04EC0-301F-11D3-BF4B-00C04F79EFBC}") = "QPC.BMS.Domain", "QPC.BMS.Domain\QPC.BMS.Domain.csproj", "{03A5AF68-4AE1-41E6-B4B4-A14F25CCFAC7}"
EndProject
Project("{FAE04EC0-301F-11D3-BF4B-00C04F79EFBC}") = "QPC.BMS.Models", "QPC.BMS.Models\QPC.BMS.Models.csproj", "{FC9F1291-61D1-4919-842D-FA5B0B430278}"
EndProject
Project("{FAE04EC0-301F-11D3-BF4B-00C04F79EFBC}") = "QPC.BMS.Services", "QPC.BMS.Services\QPC.BMS.Services.csproj", "{E51342AF-78EE-4376-BA76-BF72E67A14A2}"
EndProject
Global
	GlobalSection(SolutionConfigurationPlatforms) = preSolution
		Debug|Any CPU = Debug|Any CPU
		Release|Any CPU = Release|Any CPU
	EndGlobalSection
	GlobalSection(ProjectConfigurationPlatforms) = postSolution
		{2A481CCB-AE6F-44BC-A6CA-34CF45BB2AB9}.Debug|Any CPU.ActiveCfg = Debug|Any CPU
		{2A481CCB-AE6F-44BC-A6CA-34CF45BB2AB9}.Debug|Any CPU.Build.0 = Debug|Any CPU
		{2A481CCB-AE6F-44BC-A6CA-34CF45BB2AB9}.Release|Any CPU.ActiveCfg = Release|Any CPU
		{2A481CCB-AE6F-44BC-A6CA-34CF45BB2AB9}.Release|Any CPU.Build.0 = Release|Any CPU
		{43509A7B-6071-4F4C-8264-6B98B90DBE6E}.Debug|Any CPU.ActiveCfg = Debug|Any CPU
		{43509A7B-6071-4F4C-8264-6B98B90DBE6E}.Debug|Any CPU.Build.0 = Debug|Any CPU
		{43509A7B-6071-4F4C-8264-6B98B90DBE6E}.Release|Any CPU.ActiveCfg = Release|Any CPU
		{43509A7B-6071-4F4C-8264-6B98B90DBE6E}.Release|Any CPU.Build.0 = Release|Any CPU
		{2DDB10D4-6686-491C-B8C5-5A5EC5B752EA}.Debug|Any CPU.ActiveCfg = Debug|Any CPU
		{2DDB10D4-6686-491C-B8C5-5A5EC5B752EA}.Debug|Any CPU.Build.0 = Debug|Any CPU
		{2DDB10D4-6686-491C-B8C5-5A5EC5B752EA}.Release|Any CPU.ActiveCfg = Release|Any CPU
		{2DDB10D4-6686-491C-B8C5-5A5EC5B752EA}.Release|Any CPU.Build.0 = Release|Any CPU
		{B27ECDD9-9C22-44FB-9568-3A5C0BCFBCBC}.Debug|Any CPU.ActiveCfg = Debug|Any CPU
		{B27ECDD9-9C22-44FB-9568-3A5C0BCFBCBC}.Debug|Any CPU.Build.0 = Debug|Any CPU
		{B27ECDD9-9C22-44FB-9568-3A5C0BCFBCBC}.Release|Any CPU.ActiveCfg = Release|Any CPU
		{B27ECDD9-9C22-44FB-9568-3A5C0BCFBCBC}.Release|Any CPU.Build.0 = Release|Any CPU
		{03A5AF68-4AE1-41E6-B4B4-A14F25CCFAC7}.Debug|Any CPU.ActiveCfg = Debug|Any CPU
		{03A5AF68-4AE1-41E6-B4B4-A14F25CCFAC7}.Debug|Any CPU.Build.0 = Debug|Any CPU
		{03A5AF68-4AE1-41E6-B4B4-A14F25CCFAC7}.Release|Any CPU.ActiveCfg = Release|Any CPU
		{03A5AF68-4AE1-41E6-B4B4-A14F25CCFAC7}.Release|Any CPU.Build.0 = Release|Any CPU
		{FC9F1291-61D1-4919-842D-FA5B0B430278}.Debug|Any CPU.ActiveCfg = Debug|Any CPU
		{FC9F1291-61D1-4919-842D-FA5B0B430278}.Debug|Any CPU.Build.0 = Debug|Any CPU
		{FC9F1291-61D1-4919-842D-FA5B0B430278}.Release|Any CPU.ActiveCfg = Release|Any CPU
		{FC9F1291-61D1-4919-842D-FA5B0B430278}.Release|Any CPU.Build.0 = Release|Any CPU
		{E51342AF-78EE-4376-BA76-BF72E67A14A2}.Debug|Any CPU.ActiveCfg = Debug|Any CPU
		{E51342AF-78EE-4376-BA76-BF72E67A14A2}.Debug|Any CPU.Build.0 = Debug|Any CPU
		{E51342AF-78EE-4376-BA76-BF72E67A14A2}.Release|Any CPU.ActiveCfg = Release|Any CPU
		{E51342AF-78EE-4376-BA76-BF72E67A14A2}.Release|Any CPU.Build.0 = Release|Any CPU
	EndGlobalSection
	GlobalSection(SolutionProperties) = preSolution
		HideSolutionNode = FALSE
	EndGlobalSection
	GlobalSection(ExtensibilityGlobals) = postSolution
		SolutionGuid = {0C8978B6-F83A-4F35-80B4-E02AD2CDE01F}
	EndGlobalSection
EndGlobal
